
Microsoft Visual Studio Solution File, Format Version 12.00
# Visual Studio Version 16
VisualStudioVersion = 16.0.33027.164
MinimumVisualStudioVersion = 10.0.40219.1
Project("{FAE04EC0-301F-11D3-BF4B-00C04F79EFBC}") = "cticbackend", "cticbackend\cticbackend.csproj", "{3CEB0D14-A093-4E0B-833A-1FBFA6663F58}"
EndProject
Project("{FAE04EC0-301F-11D3-BF4B-00C04F79EFBC}") = "cticbackend.data", "cticbackend.data\cticbackend.data.csproj", "{91C94C35-1479-4E71-BDC9-EE83EA360030}"
EndProject
Project("{FAE04EC0-301F-11D3-BF4B-00C04F79EFBC}") = "cticbackend.model", "cticbackend.model\cticbackend.model.csproj", "{F8C38D93-0B2C-4089-A9E4-5747294741DB}"
EndProject
Global
	GlobalSection(SolutionConfigurationPlatforms) = preSolution
		Debug|Any CPU = Debug|Any CPU
		Release|Any CPU = Release|Any CPU
	EndGlobalSection
	GlobalSection(ProjectConfigurationPlatforms) = postSolution
		{3CEB0D14-A093-4E0B-833A-1FBFA6663F58}.Debug|Any CPU.ActiveCfg = Debug|Any CPU
		{3CEB0D14-A093-4E0B-833A-1FBFA6663F58}.Debug|Any CPU.Build.0 = Debug|Any CPU
		{3CEB0D14-A093-4E0B-833A-1FBFA6663F58}.Release|Any CPU.ActiveCfg = Release|Any CPU
		{3CEB0D14-A093-4E0B-833A-1FBFA6663F58}.Release|Any CPU.Build.0 = Release|Any CPU
		{91C94C35-1479-4E71-BDC9-EE83EA360030}.Debug|Any CPU.ActiveCfg = Debug|Any CPU
		{91C94C35-1479-4E71-BDC9-EE83EA360030}.Debug|Any CPU.Build.0 = Debug|Any CPU
		{91C94C35-1479-4E71-BDC9-EE83EA360030}.Release|Any CPU.ActiveCfg = Release|Any CPU
		{91C94C35-1479-4E71-BDC9-EE83EA360030}.Release|Any CPU.Build.0 = Release|Any CPU
		{F8C38D93-0B2C-4089-A9E4-5747294741DB}.Debug|Any CPU.ActiveCfg = Debug|Any CPU
		{F8C38D93-0B2C-4089-A9E4-5747294741DB}.Debug|Any CPU.Build.0 = Debug|Any CPU
		{F8C38D93-0B2C-4089-A9E4-5747294741DB}.Release|Any CPU.ActiveCfg = Release|Any CPU
		{F8C38D93-0B2C-4089-A9E4-5747294741DB}.Release|Any CPU.Build.0 = Release|Any CPU
	EndGlobalSection
	GlobalSection(SolutionProperties) = preSolution
		HideSolutionNode = FALSE
	EndGlobalSection
	GlobalSection(ExtensibilityGlobals) = postSolution
		SolutionGuid = {E8CD3081-4616-4438-BEC9-42542609F2D5}
	EndGlobalSection
EndGlobal
